
Microsoft Visual Studio Solution File, Format Version 12.00
# Visual Studio Version 16
VisualStudioVersion = 16.0.30804.86
MinimumVisualStudioVersion = 10.0.40219.1
Project("{9A19103F-16F7-4668-BE54-9A1E7A4F7556}") = "WPFHVVPlatform", "WPFHVVPlatform\WPFHVVPlatform.csproj", "{653CE775-53BE-439B-A582-173A63E7FEC6}"
EndProject
Global
	GlobalSection(SolutionConfigurationPlatforms) = preSolution
		Debug|Any CPU = Debug|Any CPU
		Debug|x64 = Debug|x64
		Release|Any CPU = Release|Any CPU
		Release|x64 = Release|x64
	EndGlobalSection
	GlobalSection(ProjectConfigurationPlatforms) = postSolution
		{653CE775-53BE-439B-A582-173A63E7FEC6}.Debug|Any CPU.ActiveCfg = Debug|Any CPU
		{653CE775-53BE-439B-A582-173A63E7FEC6}.Debug|Any CPU.Build.0 = Debug|Any CPU
		{653CE775-53BE-439B-A582-173A63E7FEC6}.Debug|x64.ActiveCfg = Debug|x64
		{653CE775-53BE-439B-A582-173A63E7FEC6}.Debug|x64.Build.0 = Debug|x64
		{653CE775-53BE-439B-A582-173A63E7FEC6}.Release|Any CPU.ActiveCfg = Release|Any CPU
		{653CE775-53BE-439B-A582-173A63E7FEC6}.Release|Any CPU.Build.0 = Release|Any CPU
		{653CE775-53BE-439B-A582-173A63E7FEC6}.Release|x64.ActiveCfg = Release|x64
		{653CE775-53BE-439B-A582-173A63E7FEC6}.Release|x64.Build.0 = Release|x64
	EndGlobalSection
	GlobalSection(SolutionProperties) = preSolution
		HideSolutionNode = FALSE
	EndGlobalSection
	GlobalSection(ExtensibilityGlobals) = postSolution
		SolutionGuid = {4251B4FD-962D-4C5F-A6F5-F9FCBCC75141}
	EndGlobalSection
EndGlobal
