
Microsoft Visual Studio Solution File, Format Version 12.00
# Visual Studio Version 16
VisualStudioVersion = 16.0.30114.105
MinimumVisualStudioVersion = 10.0.40219.1
Project("{8BC9CEB8-8B4A-11D0-8D11-00A0C91BC942}") = "HVVScript", "HVVScript\HVVScript.vcxproj", "{E73DA591-3539-4ED8-A5D3-04DA60649CCB}"
	ProjectSection(ProjectDependencies) = postProject
		{022B47A1-625A-4B64-902F-1FD293E8FEE4} = {022B47A1-625A-4B64-902F-1FD293E8FEE4}
		{AED0F2BE-DF0F-4CBE-B71F-0DCC80F6DD18} = {AED0F2BE-DF0F-4CBE-B71F-0DCC80F6DD18}
		{F94CBFCF-2E06-488F-8EEB-E0D2EDE20B7B} = {F94CBFCF-2E06-488F-8EEB-E0D2EDE20B7B}
	EndProjectSection
EndProject
Project("{8BC9CEB8-8B4A-11D0-8D11-00A0C91BC942}") = "object", "object\object.vcxproj", "{AED0F2BE-DF0F-4CBE-B71F-0DCC80F6DD18}"
EndProject
Project("{8BC9CEB8-8B4A-11D0-8D11-00A0C91BC942}") = "primitive_object", "primitive_object\primitive_object.vcxproj", "{F94CBFCF-2E06-488F-8EEB-E0D2EDE20B7B}"
	ProjectSection(ProjectDependencies) = postProject
		{AED0F2BE-DF0F-4CBE-B71F-0DCC80F6DD18} = {AED0F2BE-DF0F-4CBE-B71F-0DCC80F6DD18}
	EndProjectSection
EndProject
Project("{8BC9CEB8-8B4A-11D0-8D11-00A0C91BC942}") = "unit_test", "unit_test\unit_test.vcxproj", "{2F604C14-7E26-45F0-B2A1-BF74F05C12F3}"
	ProjectSection(ProjectDependencies) = postProject
		{E73DA591-3539-4ED8-A5D3-04DA60649CCB} = {E73DA591-3539-4ED8-A5D3-04DA60649CCB}
		{022B47A1-625A-4B64-902F-1FD293E8FEE4} = {022B47A1-625A-4B64-902F-1FD293E8FEE4}
		{AED0F2BE-DF0F-4CBE-B71F-0DCC80F6DD18} = {AED0F2BE-DF0F-4CBE-B71F-0DCC80F6DD18}
		{F94CBFCF-2E06-488F-8EEB-E0D2EDE20B7B} = {F94CBFCF-2E06-488F-8EEB-E0D2EDE20B7B}
	EndProjectSection
EndProject
Project("{8BC9CEB8-8B4A-11D0-8D11-00A0C91BC942}") = "console_test", "console_test\console_test.vcxproj", "{C085ACFA-C1BF-4705-9505-5027ED8074E6}"
	ProjectSection(ProjectDependencies) = postProject
		{62489F1B-5E6E-469E-9A71-2C4C89172658} = {62489F1B-5E6E-469E-9A71-2C4C89172658}
		{E73DA591-3539-4ED8-A5D3-04DA60649CCB} = {E73DA591-3539-4ED8-A5D3-04DA60649CCB}
		{022B47A1-625A-4B64-902F-1FD293E8FEE4} = {022B47A1-625A-4B64-902F-1FD293E8FEE4}
		{AED0F2BE-DF0F-4CBE-B71F-0DCC80F6DD18} = {AED0F2BE-DF0F-4CBE-B71F-0DCC80F6DD18}
		{F94CBFCF-2E06-488F-8EEB-E0D2EDE20B7B} = {F94CBFCF-2E06-488F-8EEB-E0D2EDE20B7B}
	EndProjectSection
EndProject
Project("{8BC9CEB8-8B4A-11D0-8D11-00A0C91BC942}") = "core", "core\core.vcxproj", "{022B47A1-625A-4B64-902F-1FD293E8FEE4}"
	ProjectSection(ProjectDependencies) = postProject
		{AED0F2BE-DF0F-4CBE-B71F-0DCC80F6DD18} = {AED0F2BE-DF0F-4CBE-B71F-0DCC80F6DD18}
		{F94CBFCF-2E06-488F-8EEB-E0D2EDE20B7B} = {F94CBFCF-2E06-488F-8EEB-E0D2EDE20B7B}
	EndProjectSection
EndProject
Project("{8BC9CEB8-8B4A-11D0-8D11-00A0C91BC942}") = "addon_core", "addon_core\addon_core.vcxproj", "{62489F1B-5E6E-469E-9A71-2C4C89172658}"
	ProjectSection(ProjectDependencies) = postProject
		{E73DA591-3539-4ED8-A5D3-04DA60649CCB} = {E73DA591-3539-4ED8-A5D3-04DA60649CCB}
		{022B47A1-625A-4B64-902F-1FD293E8FEE4} = {022B47A1-625A-4B64-902F-1FD293E8FEE4}
	EndProjectSection
EndProject
Project("{8BC9CEB8-8B4A-11D0-8D11-00A0C91BC942}") = "HVVScriptSharp", "HVVScriptSharp\HVVScriptSharp.vcxproj", "{DBB9E2BF-E127-4B89-AC83-2EF582AE5FD6}"
	ProjectSection(ProjectDependencies) = postProject
		{E73DA591-3539-4ED8-A5D3-04DA60649CCB} = {E73DA591-3539-4ED8-A5D3-04DA60649CCB}
		{AED0F2BE-DF0F-4CBE-B71F-0DCC80F6DD18} = {AED0F2BE-DF0F-4CBE-B71F-0DCC80F6DD18}
		{F94CBFCF-2E06-488F-8EEB-E0D2EDE20B7B} = {F94CBFCF-2E06-488F-8EEB-E0D2EDE20B7B}
	EndProjectSection
EndProject
Project("{9A19103F-16F7-4668-BE54-9A1E7A4F7556}") = "console_test_sharp", "console_test_sharp\console_test_sharp.csproj", "{CEB881AB-E5E7-429A-A5B1-AC76278A00C9}"
	ProjectSection(ProjectDependencies) = postProject
		{DBB9E2BF-E127-4B89-AC83-2EF582AE5FD6} = {DBB9E2BF-E127-4B89-AC83-2EF582AE5FD6}
	EndProjectSection
EndProject
Global
	GlobalSection(SolutionConfigurationPlatforms) = preSolution
		Debug|Any CPU = Debug|Any CPU
		Debug|x64 = Debug|x64
		Debug|x86 = Debug|x86
		Release|Any CPU = Release|Any CPU
		Release|x64 = Release|x64
		Release|x86 = Release|x86
	EndGlobalSection
	GlobalSection(ProjectConfigurationPlatforms) = postSolution
		{E73DA591-3539-4ED8-A5D3-04DA60649CCB}.Debug|Any CPU.ActiveCfg = Debug|Win32
		{E73DA591-3539-4ED8-A5D3-04DA60649CCB}.Debug|x64.ActiveCfg = Debug|x64
		{E73DA591-3539-4ED8-A5D3-04DA60649CCB}.Debug|x64.Build.0 = Debug|x64
		{E73DA591-3539-4ED8-A5D3-04DA60649CCB}.Debug|x86.ActiveCfg = Debug|Win32
		{E73DA591-3539-4ED8-A5D3-04DA60649CCB}.Debug|x86.Build.0 = Debug|Win32
		{E73DA591-3539-4ED8-A5D3-04DA60649CCB}.Release|Any CPU.ActiveCfg = Release|Win32
		{E73DA591-3539-4ED8-A5D3-04DA60649CCB}.Release|x64.ActiveCfg = Release|x64
		{E73DA591-3539-4ED8-A5D3-04DA60649CCB}.Release|x64.Build.0 = Release|x64
		{E73DA591-3539-4ED8-A5D3-04DA60649CCB}.Release|x86.ActiveCfg = Release|Win32
		{E73DA591-3539-4ED8-A5D3-04DA60649CCB}.Release|x86.Build.0 = Release|Win32
		{AED0F2BE-DF0F-4CBE-B71F-0DCC80F6DD18}.Debug|Any CPU.ActiveCfg = Debug|Win32
		{AED0F2BE-DF0F-4CBE-B71F-0DCC80F6DD18}.Debug|x64.ActiveCfg = Debug|x64
		{AED0F2BE-DF0F-4CBE-B71F-0DCC80F6DD18}.Debug|x64.Build.0 = Debug|x64
		{AED0F2BE-DF0F-4CBE-B71F-0DCC80F6DD18}.Debug|x86.ActiveCfg = Debug|Win32
		{AED0F2BE-DF0F-4CBE-B71F-0DCC80F6DD18}.Debug|x86.Build.0 = Debug|Win32
		{AED0F2BE-DF0F-4CBE-B71F-0DCC80F6DD18}.Release|Any CPU.ActiveCfg = Release|Win32
		{AED0F2BE-DF0F-4CBE-B71F-0DCC80F6DD18}.Release|x64.ActiveCfg = Release|x64
		{AED0F2BE-DF0F-4CBE-B71F-0DCC80F6DD18}.Release|x64.Build.0 = Release|x64
		{AED0F2BE-DF0F-4CBE-B71F-0DCC80F6DD18}.Release|x86.ActiveCfg = Release|Win32
		{AED0F2BE-DF0F-4CBE-B71F-0DCC80F6DD18}.Release|x86.Build.0 = Release|Win32
		{F94CBFCF-2E06-488F-8EEB-E0D2EDE20B7B}.Debug|Any CPU.ActiveCfg = Debug|Win32
		{F94CBFCF-2E06-488F-8EEB-E0D2EDE20B7B}.Debug|x64.ActiveCfg = Debug|x64
		{F94CBFCF-2E06-488F-8EEB-E0D2EDE20B7B}.Debug|x64.Build.0 = Debug|x64
		{F94CBFCF-2E06-488F-8EEB-E0D2EDE20B7B}.Debug|x86.ActiveCfg = Debug|Win32
		{F94CBFCF-2E06-488F-8EEB-E0D2EDE20B7B}.Debug|x86.Build.0 = Debug|Win32
		{F94CBFCF-2E06-488F-8EEB-E0D2EDE20B7B}.Release|Any CPU.ActiveCfg = Release|Win32
		{F94CBFCF-2E06-488F-8EEB-E0D2EDE20B7B}.Release|x64.ActiveCfg = Release|x64
		{F94CBFCF-2E06-488F-8EEB-E0D2EDE20B7B}.Release|x64.Build.0 = Release|x64
		{F94CBFCF-2E06-488F-8EEB-E0D2EDE20B7B}.Release|x86.ActiveCfg = Release|Win32
		{F94CBFCF-2E06-488F-8EEB-E0D2EDE20B7B}.Release|x86.Build.0 = Release|Win32
		{2F604C14-7E26-45F0-B2A1-BF74F05C12F3}.Debug|Any CPU.ActiveCfg = Debug|Win32
		{2F604C14-7E26-45F0-B2A1-BF74F05C12F3}.Debug|x64.ActiveCfg = Debug|x64
		{2F604C14-7E26-45F0-B2A1-BF74F05C12F3}.Debug|x64.Build.0 = Debug|x64
		{2F604C14-7E26-45F0-B2A1-BF74F05C12F3}.Debug|x86.ActiveCfg = Debug|Win32
		{2F604C14-7E26-45F0-B2A1-BF74F05C12F3}.Debug|x86.Build.0 = Debug|Win32
		{2F604C14-7E26-45F0-B2A1-BF74F05C12F3}.Release|Any CPU.ActiveCfg = Release|Win32
		{2F604C14-7E26-45F0-B2A1-BF74F05C12F3}.Release|x64.ActiveCfg = Release|x64
		{2F604C14-7E26-45F0-B2A1-BF74F05C12F3}.Release|x64.Build.0 = Release|x64
		{2F604C14-7E26-45F0-B2A1-BF74F05C12F3}.Release|x86.ActiveCfg = Release|Win32
		{2F604C14-7E26-45F0-B2A1-BF74F05C12F3}.Release|x86.Build.0 = Release|Win32
		{C085ACFA-C1BF-4705-9505-5027ED8074E6}.Debug|Any CPU.ActiveCfg = Debug|Win32
		{C085ACFA-C1BF-4705-9505-5027ED8074E6}.Debug|x64.ActiveCfg = Debug|x64
		{C085ACFA-C1BF-4705-9505-5027ED8074E6}.Debug|x64.Build.0 = Debug|x64
		{C085ACFA-C1BF-4705-9505-5027ED8074E6}.Debug|x86.ActiveCfg = Debug|Win32
		{C085ACFA-C1BF-4705-9505-5027ED8074E6}.Debug|x86.Build.0 = Debug|Win32
		{C085ACFA-C1BF-4705-9505-5027ED8074E6}.Release|Any CPU.ActiveCfg = Release|Win32
		{C085ACFA-C1BF-4705-9505-5027ED8074E6}.Release|x64.ActiveCfg = Release|x64
		{C085ACFA-C1BF-4705-9505-5027ED8074E6}.Release|x64.Build.0 = Release|x64
		{C085ACFA-C1BF-4705-9505-5027ED8074E6}.Release|x86.ActiveCfg = Release|Win32
		{C085ACFA-C1BF-4705-9505-5027ED8074E6}.Release|x86.Build.0 = Release|Win32
		{022B47A1-625A-4B64-902F-1FD293E8FEE4}.Debug|Any CPU.ActiveCfg = Debug|Win32
		{022B47A1-625A-4B64-902F-1FD293E8FEE4}.Debug|x64.ActiveCfg = Debug|x64
		{022B47A1-625A-4B64-902F-1FD293E8FEE4}.Debug|x64.Build.0 = Debug|x64
		{022B47A1-625A-4B64-902F-1FD293E8FEE4}.Debug|x86.ActiveCfg = Debug|Win32
		{022B47A1-625A-4B64-902F-1FD293E8FEE4}.Debug|x86.Build.0 = Debug|Win32
		{022B47A1-625A-4B64-902F-1FD293E8FEE4}.Release|Any CPU.ActiveCfg = Release|Win32
		{022B47A1-625A-4B64-902F-1FD293E8FEE4}.Release|x64.ActiveCfg = Release|x64
		{022B47A1-625A-4B64-902F-1FD293E8FEE4}.Release|x64.Build.0 = Release|x64
		{022B47A1-625A-4B64-902F-1FD293E8FEE4}.Release|x86.ActiveCfg = Release|Win32
		{022B47A1-625A-4B64-902F-1FD293E8FEE4}.Release|x86.Build.0 = Release|Win32
		{62489F1B-5E6E-469E-9A71-2C4C89172658}.Debug|Any CPU.ActiveCfg = Debug|Win32
		{62489F1B-5E6E-469E-9A71-2C4C89172658}.Debug|x64.ActiveCfg = Debug|x64
		{62489F1B-5E6E-469E-9A71-2C4C89172658}.Debug|x64.Build.0 = Debug|x64
		{62489F1B-5E6E-469E-9A71-2C4C89172658}.Debug|x86.ActiveCfg = Debug|Win32
		{62489F1B-5E6E-469E-9A71-2C4C89172658}.Debug|x86.Build.0 = Debug|Win32
		{62489F1B-5E6E-469E-9A71-2C4C89172658}.Release|Any CPU.ActiveCfg = Release|Win32
		{62489F1B-5E6E-469E-9A71-2C4C89172658}.Release|x64.ActiveCfg = Release|x64
		{62489F1B-5E6E-469E-9A71-2C4C89172658}.Release|x64.Build.0 = Release|x64
		{62489F1B-5E6E-469E-9A71-2C4C89172658}.Release|x86.ActiveCfg = Release|Win32
		{62489F1B-5E6E-469E-9A71-2C4C89172658}.Release|x86.Build.0 = Release|Win32
		{DBB9E2BF-E127-4B89-AC83-2EF582AE5FD6}.Debug|Any CPU.ActiveCfg = Debug|Win32
		{DBB9E2BF-E127-4B89-AC83-2EF582AE5FD6}.Debug|x64.ActiveCfg = Debug|x64
		{DBB9E2BF-E127-4B89-AC83-2EF582AE5FD6}.Debug|x64.Build.0 = Debug|x64
		{DBB9E2BF-E127-4B89-AC83-2EF582AE5FD6}.Debug|x86.ActiveCfg = Debug|Win32
		{DBB9E2BF-E127-4B89-AC83-2EF582AE5FD6}.Debug|x86.Build.0 = Debug|Win32
		{DBB9E2BF-E127-4B89-AC83-2EF582AE5FD6}.Release|Any CPU.ActiveCfg = Release|Win32
		{DBB9E2BF-E127-4B89-AC83-2EF582AE5FD6}.Release|x64.ActiveCfg = Release|x64
		{DBB9E2BF-E127-4B89-AC83-2EF582AE5FD6}.Release|x64.Build.0 = Release|x64
		{DBB9E2BF-E127-4B89-AC83-2EF582AE5FD6}.Release|x86.ActiveCfg = Release|Win32
		{DBB9E2BF-E127-4B89-AC83-2EF582AE5FD6}.Release|x86.Build.0 = Release|Win32
		{CEB881AB-E5E7-429A-A5B1-AC76278A00C9}.Debug|Any CPU.ActiveCfg = Debug|Any CPU
		{CEB881AB-E5E7-429A-A5B1-AC76278A00C9}.Debug|Any CPU.Build.0 = Debug|Any CPU
		{CEB881AB-E5E7-429A-A5B1-AC76278A00C9}.Debug|x64.ActiveCfg = Debug|x64
		{CEB881AB-E5E7-429A-A5B1-AC76278A00C9}.Debug|x64.Build.0 = Debug|x64
		{CEB881AB-E5E7-429A-A5B1-AC76278A00C9}.Debug|x86.ActiveCfg = Debug|Any CPU
		{CEB881AB-E5E7-429A-A5B1-AC76278A00C9}.Debug|x86.Build.0 = Debug|Any CPU
		{CEB881AB-E5E7-429A-A5B1-AC76278A00C9}.Release|Any CPU.ActiveCfg = Release|Any CPU
		{CEB881AB-E5E7-429A-A5B1-AC76278A00C9}.Release|Any CPU.Build.0 = Release|Any CPU
		{CEB881AB-E5E7-429A-A5B1-AC76278A00C9}.Release|x64.ActiveCfg = Release|x64
		{CEB881AB-E5E7-429A-A5B1-AC76278A00C9}.Release|x64.Build.0 = Release|x64
		{CEB881AB-E5E7-429A-A5B1-AC76278A00C9}.Release|x86.ActiveCfg = Release|Any CPU
		{CEB881AB-E5E7-429A-A5B1-AC76278A00C9}.Release|x86.Build.0 = Release|Any CPU
	EndGlobalSection
	GlobalSection(SolutionProperties) = preSolution
		HideSolutionNode = FALSE
	EndGlobalSection
	GlobalSection(ExtensibilityGlobals) = postSolution
		SolutionGuid = {5E620363-B373-4AB4-9635-D371EE3A6C59}
	EndGlobalSection
EndGlobal
