
Microsoft Visual Studio Solution File, Format Version 12.00
# Visual Studio Version 16
VisualStudioVersion = 16.0.30907.101
MinimumVisualStudioVersion = 10.0.40219.1
Project("{FAE04EC0-301F-11D3-BF4B-00C04F79EFBC}") = "DiagramViewerTest", "DiagramViewerTest\DiagramViewerTest.csproj", "{103BAF9B-8CDF-48EA-9E7F-0185F8B967CE}"
EndProject
Global
	GlobalSection(SolutionConfigurationPlatforms) = preSolution
		Debug|Any CPU = Debug|Any CPU
		Release|Any CPU = Release|Any CPU
	EndGlobalSection
	GlobalSection(ProjectConfigurationPlatforms) = postSolution
		{103BAF9B-8CDF-48EA-9E7F-0185F8B967CE}.Debug|Any CPU.ActiveCfg = Debug|Any CPU
		{103BAF9B-8CDF-48EA-9E7F-0185F8B967CE}.Debug|Any CPU.Build.0 = Debug|Any CPU
		{103BAF9B-8CDF-48EA-9E7F-0185F8B967CE}.Release|Any CPU.ActiveCfg = Release|Any CPU
		{103BAF9B-8CDF-48EA-9E7F-0185F8B967CE}.Release|Any CPU.Build.0 = Release|Any CPU
	EndGlobalSection
	GlobalSection(SolutionProperties) = preSolution
		HideSolutionNode = FALSE
	EndGlobalSection
	GlobalSection(ExtensibilityGlobals) = postSolution
		SolutionGuid = {916B8895-22F5-48A3-991D-C42C6D36D806}
	EndGlobalSection
EndGlobal
